
Microsoft Visual Studio Solution File, Format Version 12.00
# Visual Studio Version 17
VisualStudioVersion = 17.5.002.0
MinimumVisualStudioVersion = 10.0.40219.1
Project("{2150E333-8FDC-42A3-9474-1A3956D46DE8}") = "lesson1", "lesson1", "{9F642A8A-105C-4BEA-B9C4-ECFBD65FE67D}"
EndProject
Project("{9A19103F-16F7-4668-BE54-9A1E7A4F7556}") = "Task1", "lesson1\Task1\Task1.csproj", "{BFBF6C24-1909-44B7-A773-7091E7B3E4C0}"
EndProject
Global
	GlobalSection(SolutionConfigurationPlatforms) = preSolution
		Debug|Any CPU = Debug|Any CPU
		Release|Any CPU = Release|Any CPU
	EndGlobalSection
	GlobalSection(ProjectConfigurationPlatforms) = postSolution
		{BFBF6C24-1909-44B7-A773-7091E7B3E4C0}.Debug|Any CPU.ActiveCfg = Debug|Any CPU
		{BFBF6C24-1909-44B7-A773-7091E7B3E4C0}.Debug|Any CPU.Build.0 = Debug|Any CPU
		{BFBF6C24-1909-44B7-A773-7091E7B3E4C0}.Release|Any CPU.ActiveCfg = Release|Any CPU
		{BFBF6C24-1909-44B7-A773-7091E7B3E4C0}.Release|Any CPU.Build.0 = Release|Any CPU
	EndGlobalSection
	GlobalSection(SolutionProperties) = preSolution
		HideSolutionNode = FALSE
	EndGlobalSection
	GlobalSection(NestedProjects) = preSolution
		{BFBF6C24-1909-44B7-A773-7091E7B3E4C0} = {9F642A8A-105C-4BEA-B9C4-ECFBD65FE67D}
	EndGlobalSection
	GlobalSection(ExtensibilityGlobals) = postSolution
		SolutionGuid = {F66155B2-79BF-48FF-8A53-A585F2D96C7C}
	EndGlobalSection
EndGlobal
